
Microsoft Visual Studio Solution File, Format Version 12.00
Project("{FAE04EC0-301F-11D3-BF4B-00C04F79EFBC}") = "RotateListRight1", "RotateListRight1.csproj", "{EB4E87AF-6E39-427C-B8A8-7804FD4E25AF}"
EndProject
Global
	GlobalSection(SolutionConfigurationPlatforms) = preSolution
		Debug|Any CPU = Debug|Any CPU
		Release|Any CPU = Release|Any CPU
	EndGlobalSection
	GlobalSection(ProjectConfigurationPlatforms) = postSolution
		{EB4E87AF-6E39-427C-B8A8-7804FD4E25AF}.Debug|Any CPU.ActiveCfg = Debug|Any CPU
		{EB4E87AF-6E39-427C-B8A8-7804FD4E25AF}.Debug|Any CPU.Build.0 = Debug|Any CPU
		{EB4E87AF-6E39-427C-B8A8-7804FD4E25AF}.Release|Any CPU.ActiveCfg = Release|Any CPU
		{EB4E87AF-6E39-427C-B8A8-7804FD4E25AF}.Release|Any CPU.Build.0 = Release|Any CPU
	EndGlobalSection
EndGlobal
